
Microsoft Visual Studio Solution File, Format Version 12.00
# Visual Studio Version 17
VisualStudioVersion = 17.3.32825.248
MinimumVisualStudioVersion = 10.0.40219.1
Project("{FAE04EC0-301F-11D3-BF4B-00C04F79EFBC}") = "Game_Kursak_Admin", "Game_Kursak_Admin.csproj", "{45403B43-EF17-4A9E-A5B5-1FCFC8E68D11}"
EndProject
Global
	GlobalSection(SolutionConfigurationPlatforms) = preSolution
		Debug|Any CPU = Debug|Any CPU
		Release|Any CPU = Release|Any CPU
	EndGlobalSection
	GlobalSection(ProjectConfigurationPlatforms) = postSolution
		{45403B43-EF17-4A9E-A5B5-1FCFC8E68D11}.Debug|Any CPU.ActiveCfg = Debug|Any CPU
		{45403B43-EF17-4A9E-A5B5-1FCFC8E68D11}.Debug|Any CPU.Build.0 = Debug|Any CPU
		{45403B43-EF17-4A9E-A5B5-1FCFC8E68D11}.Release|Any CPU.ActiveCfg = Release|Any CPU
		{45403B43-EF17-4A9E-A5B5-1FCFC8E68D11}.Release|Any CPU.Build.0 = Release|Any CPU
	EndGlobalSection
	GlobalSection(SolutionProperties) = preSolution
		HideSolutionNode = FALSE
	EndGlobalSection
	GlobalSection(ExtensibilityGlobals) = postSolution
		SolutionGuid = {3ACBC677-69CB-4A7B-8C34-F556A5AEA908}
	EndGlobalSection
EndGlobal
